// !$*UTF8*$!
{
	archiveVersion = 1;
	classes = {
	};
	objectVersion = 56;
	objects = {

/* Begin PBXBuildFile section */
		D231911E2AD4836000BBC7A0 /* loginApp.swift in Sources */ = {isa = PBXBuildFile; fileRef = D231911D2AD4836000BBC7A0 /* loginApp.swift */; };
		D23191202AD4836000BBC7A0 /* ContentView.swift in Sources */ = {isa = PBXBuildFile; fileRef = D231911F2AD4836000BBC7A0 /* ContentView.swift */; };
		D23191222AD4836200BBC7A0 /* Assets.xcassets in Resources */ = {isa = PBXBuildFile; fileRef = D23191212AD4836200BBC7A0 /* Assets.xcassets */; };
		D23191252AD4836200BBC7A0 /* Preview Assets.xcassets in Resources */ = {isa = PBXBuildFile; fileRef = D23191242AD4836200BBC7A0 /* Preview Assets.xcassets */; };
		D231912F2AD4836200BBC7A0 /* loginTests.swift in Sources */ = {isa = PBXBuildFile; fileRef = D231912E2AD4836200BBC7A0 /* loginTests.swift */; };
		D23191392AD4836200BBC7A0 /* loginUITests.swift in Sources */ = {isa = PBXBuildFile; fileRef = D23191382AD4836200BBC7A0 /* loginUITests.swift */; };
		D231913B2AD4836200BBC7A0 /* loginUITestsLaunchTests.swift in Sources */ = {isa = PBXBuildFile; fileRef = D231913A2AD4836200BBC7A0 /* loginUITestsLaunchTests.swift */; };
/* End PBXBuildFile section */

/* Begin PBXContainerItemProxy section */
		D231912B2AD4836200BBC7A0 /* PBXContainerItemProxy */ = {
			isa = PBXContainerItemProxy;
			containerPortal = D23191122AD4836000BBC7A0 /* Project object */;
			proxyType = 1;
			remoteGlobalIDString = D23191192AD4836000BBC7A0;
			remoteInfo = login;
		};
		D23191352AD4836200BBC7A0 /* PBXContainerItemProxy */ = {
			isa = PBXContainerItemProxy;
			containerPortal = D23191122AD4836000BBC7A0 /* Project object */;
			proxyType = 1;
			remoteGlobalIDString = D23191192AD4836000BBC7A0;
			remoteInfo = login;
		};
/* End PBXContainerItemProxy section */

/* Begin PBXFileReference section */
		D231911A2AD4836000BBC7A0 /* login.app */ = {isa = PBXFileReference; explicitFileType = wrapper.application; includeInIndex = 0; path = login.app; sourceTree = BUILT_PRODUCTS_DIR; };
		D231911D2AD4836000BBC7A0 /* loginApp.swift */ = {isa = PBXFileReference; lastKnownFileType = sourcecode.swift; path = loginApp.swift; sourceTree = "<group>"; };
		D231911F2AD4836000BBC7A0 /* ContentView.swift */ = {isa = PBXFileReference; lastKnownFileType = sourcecode.swift; path = ContentView.swift; sourceTree = "<group>"; };
		D23191212AD4836200BBC7A0 /* Assets.xcassets */ = {isa = PBXFileReference; lastKnownFileType = folder.assetcatalog; path = Assets.xcassets; sourceTree = "<group>"; };
		D23191242AD4836200BBC7A0 /* Preview Assets.xcassets */ = {isa = PBXFileReference; lastKnownFileType = folder.assetcatalog; path = "Preview Assets.xcassets"; sourceTree = "<group>"; };
		D231912A2AD4836200BBC7A0 /* loginTests.xctest */ = {isa = PBXFileReference; explicitFileType = wrapper.cfbundle; includeInIndex = 0; path = loginTests.xctest; sourceTree = BUILT_PRODUCTS_DIR; };
		D231912E2AD4836200BBC7A0 /* loginTests.swift */ = {isa = PBXFileReference; lastKnownFileType = sourcecode.swift; path = loginTests.swift; sourceTree = "<group>"; };
		D23191342AD4836200BBC7A0 /* loginUITests.xctest */ = {isa = PBXFileReference; explicitFileType = wrapper.cfbundle; includeInIndex = 0; path = loginUITests.xctest; sourceTree = BUILT_PRODUCTS_DIR; };
		D23191382AD4836200BBC7A0 /* loginUITests.swift */ = {isa = PBXFileReference; lastKnownFileType = sourcecode.swift; path = loginUITests.swift; sourceTree = "<group>"; };
		D231913A2AD4836200BBC7A0 /* loginUITestsLaunchTests.swift */ = {isa = PBXFileReference; lastKnownFileType = sourcecode.swift; path = loginUITestsLaunchTests.swift; sourceTree = "<group>"; };
/* End PBXFileReference section */

/* Begin PBXFrameworksBuildPhase section */
		D23191172AD4836000BBC7A0 /* Frameworks */ = {
			isa = PBXFrameworksBuildPhase;
			buildActionMask = 2147483647;
			files = (
			);
			runOnlyForDeploymentPostprocessing = 0;
		};
		D23191272AD4836200BBC7A0 /* Frameworks */ = {
			isa = PBXFrameworksBuildPhase;
			buildActionMask = 2147483647;
			files = (
			);
			runOnlyForDeploymentPostprocessing = 0;
		};
		D23191312AD4836200BBC7A0 /* Frameworks */ = {
			isa = PBXFrameworksBuildPhase;
			buildActionMask = 2147483647;
			files = (
			);
			runOnlyForDeploymentPostprocessing = 0;
		};
/* End PBXFrameworksBuildPhase section */

/* Begin PBXGroup section */
		D23191112AD4836000BBC7A0 = {
			isa = PBXGroup;
			children = (
				D231911C2AD4836000BBC7A0 /* login */,
				D231912D2AD4836200BBC7A0 /* loginTests */,
				D23191372AD4836200BBC7A0 /* loginUITests */,
				D231911B2AD4836000BBC7A0 /* Products */,
			);
			sourceTree = "<group>";
		};
		D231911B2AD4836000BBC7A0 /* Products */ = {
			isa = PBXGroup;
			children = (
				D231911A2AD4836000BBC7A0 /* login.app */,
				D231912A2AD4836200BBC7A0 /* loginTests.xctest */,
				D23191342AD4836200BBC7A0 /* loginUITests.xctest */,
			);
			name = Products;
			sourceTree = "<group>";
		};
		D231911C2AD4836000BBC7A0 /* login */ = {
			isa = PBXGroup;
			children = (
				D231911D2AD4836000BBC7A0 /* loginApp.swift */,
				D231911F2AD4836000BBC7A0 /* ContentView.swift */,
				D23191212AD4836200BBC7A0 /* Assets.xcassets */,
				D23191232AD4836200BBC7A0 /* Preview Content */,
			);
			path = login;
			sourceTree = "<group>";
		};
		D23191232AD4836200BBC7A0 /* Preview Content */ = {
			isa = PBXGroup;
			children = (
				D23191242AD4836200BBC7A0 /* Preview Assets.xcassets */,
			);
			path = "Preview Content";
			sourceTree = "<group>";
		};
		D231912D2AD4836200BBC7A0 /* loginTests */ = {
			isa = PBXGroup;
			children = (
				D231912E2AD4836200BBC7A0 /* loginTests.swift */,
			);
			path = loginTests;
			sourceTree = "<group>";
		};
		D23191372AD4836200BBC7A0 /* loginUITests */ = {
			isa = PBXGroup;
			children = (
				D23191382AD4836200BBC7A0 /* loginUITests.swift */,
				D231913A2AD4836200BBC7A0 /* loginUITestsLaunchTests.swift */,
			);
			path = loginUITests;
			sourceTree = "<group>";
		};
/* End PBXGroup section */

/* Begin PBXNativeTarget section */
		D23191192AD4836000BBC7A0 /* login */ = {
			isa = PBXNativeTarget;
			buildConfigurationList = D231913E2AD4836200BBC7A0 /* Build configuration list for PBXNativeTarget "login" */;
			buildPhases = (
				D23191162AD4836000BBC7A0 /* Sources */,
				D23191172AD4836000BBC7A0 /* Frameworks */,
				D23191182AD4836000BBC7A0 /* Resources */,
			);
			buildRules = (
			);
			dependencies = (
			);
			name = login;
			productName = login;
			productReference = D231911A2AD4836000BBC7A0 /* login.app */;
			productType = "com.apple.product-type.application";
		};
		D23191292AD4836200BBC7A0 /* loginTests */ = {
			isa = PBXNativeTarget;
			buildConfigurationList = D23191412AD4836200BBC7A0 /* Build configuration list for PBXNativeTarget "loginTests" */;
			buildPhases = (
				D23191262AD4836200BBC7A0 /* Sources */,
				D23191272AD4836200BBC7A0 /* Frameworks */,
				D23191282AD4836200BBC7A0 /* Resources */,
			);
			buildRules = (
			);
			dependencies = (
				D231912C2AD4836200BBC7A0 /* PBXTargetDependency */,
			);
			name = loginTests;
			productName = loginTests;
			productReference = D231912A2AD4836200BBC7A0 /* loginTests.xctest */;
			productType = "com.apple.product-type.bundle.unit-test";
		};
		D23191332AD4836200BBC7A0 /* loginUITests */ = {
			isa = PBXNativeTarget;
			buildConfigurationList = D23191442AD4836200BBC7A0 /* Build configuration list for PBXNativeTarget "loginUITests" */;
			buildPhases = (
				D23191302AD4836200BBC7A0 /* Sources */,
				D23191312AD4836200BBC7A0 /* Frameworks */,
				D23191322AD4836200BBC7A0 /* Resources */,
			);
			buildRules = (
			);
			dependencies = (
				D23191362AD4836200BBC7A0 /* PBXTargetDependency */,
			);
			name = loginUITests;
			productName = loginUITests;
			productReference = D23191342AD4836200BBC7A0 /* loginUITests.xctest */;
			productType = "com.apple.product-type.bundle.ui-testing";
		};
/* End PBXNativeTarget section */

/* Begin PBXProject section */
		D23191122AD4836000BBC7A0 /* Project object */ = {
			isa = PBXProject;
			attributes = {
				BuildIndependentTargetsInParallel = 1;
				LastSwiftUpdateCheck = 1500;
				LastUpgradeCheck = 1500;
				TargetAttributes = {
					D23191192AD4836000BBC7A0 = {
						CreatedOnToolsVersion = 15.0;
					};
					D23191292AD4836200BBC7A0 = {
						CreatedOnToolsVersion = 15.0;
						TestTargetID = D23191192AD4836000BBC7A0;
					};
					D23191332AD4836200BBC7A0 = {
						CreatedOnToolsVersion = 15.0;
						TestTargetID = D23191192AD4836000BBC7A0;
					};
				};
			};
			buildConfigurationList = D23191152AD4836000BBC7A0 /* Build configuration list for PBXProject "login" */;
			compatibilityVersion = "Xcode 14.0";
			developmentRegion = en;
			hasScannedForEncodings = 0;
			knownRegions = (
				en,
				Base,
			);
			mainGroup = D23191112AD4836000BBC7A0;
			productRefGroup = D231911B2AD4836000BBC7A0 /* Products */;
			projectDirPath = "";
			projectRoot = "";
			targets = (
				D23191192AD4836000BBC7A0 /* login */,
				D23191292AD4836200BBC7A0 /* loginTests */,
				D23191332AD4836200BBC7A0 /* loginUITests */,
			);
		};
/* End PBXProject section */

/* Begin PBXResourcesBuildPhase section */
		D23191182AD4836000BBC7A0 /* Resources */ = {
			isa = PBXResourcesBuildPhase;
			buildActionMask = 2147483647;
			files = (
				D23191252AD4836200BBC7A0 /* Preview Assets.xcassets in Resources */,
				D23191222AD4836200BBC7A0 /* Assets.xcassets in Resources */,
			);
			runOnlyForDeploymentPostprocessing = 0;
		};
		D23191282AD4836200BBC7A0 /* Resources */ = {
			isa = PBXResourcesBuildPhase;
			buildActionMask = 2147483647;
			files = (
			);
			runOnlyForDeploymentPostprocessing = 0;
		};
		D23191322AD4836200BBC7A0 /* Resources */ = {
			isa = PBXResourcesBuildPhase;
			buildActionMask = 2147483647;
			files = (
			);
			runOnlyForDeploymentPostprocessing = 0;
		};
/* End PBXResourcesBuildPhase section */

/* Begin PBXSourcesBuildPhase section */
		D23191162AD4836000BBC7A0 /* Sources */ = {
			isa = PBXSourcesBuildPhase;
			buildActionMask = 2147483647;
			files = (
				D23191202AD4836000BBC7A0 /* ContentView.swift in Sources */,
				D231911E2AD4836000BBC7A0 /* loginApp.swift in Sources */,
			);
			runOnlyForDeploymentPostprocessing = 0;
		};
		D23191262AD4836200BBC7A0 /* Sources */ = {
			isa = PBXSourcesBuildPhase;
			buildActionMask = 2147483647;
			files = (
				D231912F2AD4836200BBC7A0 /* loginTests.swift in Sources */,
			);
			runOnlyForDeploymentPostprocessing = 0;
		};
		D23191302AD4836200BBC7A0 /* Sources */ = {
			isa = PBXSourcesBuildPhase;
			buildActionMask = 2147483647;
			files = (
				D231913B2AD4836200BBC7A0 /* loginUITestsLaunchTests.swift in Sources */,
				D23191392AD4836200BBC7A0 /* loginUITests.swift in Sources */,
			);
			runOnlyForDeploymentPostprocessing = 0;
		};
/* End PBXSourcesBuildPhase section */

/* Begin PBXTargetDependency section */
		D231912C2AD4836200BBC7A0 /* PBXTargetDependency */ = {
			isa = PBXTargetDependency;
			target = D23191192AD4836000BBC7A0 /* login */;
			targetProxy = D231912B2AD4836200BBC7A0 /* PBXContainerItemProxy */;
		};
		D23191362AD4836200BBC7A0 /* PBXTargetDependency */ = {
			isa = PBXTargetDependency;
			target = D23191192AD4836000BBC7A0 /* login */;
			targetProxy = D23191352AD4836200BBC7A0 /* PBXContainerItemProxy */;
		};
/* End PBXTargetDependency section */

/* Begin XCBuildConfiguration section */
		D231913C2AD4836200BBC7A0 /* Debug */ = {
			isa = XCBuildConfiguration;
			buildSettings = {
				ALWAYS_SEARCH_USER_PATHS = NO;
				ASSETCATALOG_COMPILER_GENERATE_SWIFT_ASSET_SYMBOL_EXTENSIONS = YES;
				CLANG_ANALYZER_NONNULL = YES;
				CLANG_ANALYZER_NUMBER_OBJECT_CONVERSION = YES_AGGRESSIVE;
				CLANG_CXX_LANGUAGE_STANDARD = "gnu++20";
				CLANG_ENABLE_MODULES = YES;
				CLANG_ENABLE_OBJC_ARC = YES;
				CLANG_ENABLE_OBJC_WEAK = YES;
				CLANG_WARN_BLOCK_CAPTURE_AUTORELEASING = YES;
				CLANG_WARN_BOOL_CONVERSION = YES;
				CLANG_WARN_COMMA = YES;
				CLANG_WARN_CONSTANT_CONVERSION = YES;
				CLANG_WARN_DEPRECATED_OBJC_IMPLEMENTATIONS = YES;
				CLANG_WARN_DIRECT_OBJC_ISA_USAGE = YES_ERROR;
				CLANG_WARN_DOCUMENTATION_COMMENTS = YES;
				CLANG_WARN_EMPTY_BODY = YES;
				CLANG_WARN_ENUM_CONVERSION = YES;
				CLANG_WARN_INFINITE_RECURSION = YES;
				CLANG_WARN_INT_CONVERSION = YES;
				CLANG_WARN_NON_LITERAL_NULL_CONVERSION = YES;
				CLANG_WARN_OBJC_IMPLICIT_RETAIN_SELF = YES;
				CLANG_WARN_OBJC_LITERAL_CONVERSION = YES;
				CLANG_WARN_OBJC_ROOT_CLASS = YES_ERROR;
				CLANG_WARN_QUOTED_INCLUDE_IN_FRAMEWORK_HEADER = YES;
				CLANG_WARN_RANGE_LOOP_ANALYSIS = YES;
				CLANG_WARN_STRICT_PROTOTYPES = YES;
				CLANG_WARN_SUSPICIOUS_MOVE = YES;
				CLANG_WARN_UNGUARDED_AVAILABILITY = YES_AGGRESSIVE;
				CLANG_WARN_UNREACHABLE_CODE = YES;
				CLANG_WARN__DUPLICATE_METHOD_MATCH = YES;
				COPY_PHASE_STRIP = NO;
				DEBUG_INFORMATION_FORMAT = dwarf;
				ENABLE_STRICT_OBJC_MSGSEND = YES;
				ENABLE_TESTABILITY = YES;
				ENABLE_USER_SCRIPT_SANDBOXING = YES;
				GCC_C_LANGUAGE_STANDARD = gnu17;
				GCC_DYNAMIC_NO_PIC = NO;
				GCC_NO_COMMON_BLOCKS = YES;
				GCC_OPTIMIZATION_LEVEL = 0;
				GCC_PREPROCESSOR_DEFINITIONS = (
					"DEBUG=1",
					"$(inherited)",
				);
				GCC_WARN_64_TO_32_BIT_CONVERSION = YES;
				GCC_WARN_ABOUT_RETURN_TYPE = YES_ERROR;
				GCC_WARN_UNDECLARED_SELECTOR = YES;
				GCC_WARN_UNINITIALIZED_AUTOS = YES_AGGRESSIVE;
				GCC_WARN_UNUSED_FUNCTION = YES;
				GCC_WARN_UNUSED_VARIABLE = YES;
				IPHONEOS_DEPLOYMENT_TARGET = 17.0;
				LOCALIZATION_PREFERS_STRING_CATALOGS = YES;
				MTL_ENABLE_DEBUG_INFO = INCLUDE_SOURCE;
				MTL_FAST_MATH = YES;
				ONLY_ACTIVE_ARCH = YES;
				SDKROOT = iphoneos;
				SWIFT_ACTIVE_COMPILATION_CONDITIONS = "DEBUG $(inherited)";
				SWIFT_OPTIMIZATION_LEVEL = "-Onone";
			};
			name = Debug;
		};
		D231913D2AD4836200BBC7A0 /* Release */ = {
			isa = XCBuildConfiguration;
			buildSettings = {
				ALWAYS_SEARCH_USER_PATHS = NO;
				ASSETCATALOG_COMPILER_GENERATE_SWIFT_ASSET_SYMBOL_EXTENSIONS = YES;
				CLANG_ANALYZER_NONNULL = YES;
				CLANG_ANALYZER_NUMBER_OBJECT_CONVERSION = YES_AGGRESSIVE;
				CLANG_CXX_LANGUAGE_STANDARD = "gnu++20";
				CLANG_ENABLE_MODULES = YES;
				CLANG_ENABLE_OBJC_ARC = YES;
				CLANG_ENABLE_OBJC_WEAK = YES;
				CLANG_WARN_BLOCK_CAPTURE_AUTORELEASING = YES;
				CLANG_WARN_BOOL_CONVERSION = YES;
				CLANG_WARN_COMMA = YES;
				CLANG_WARN_CONSTANT_CONVERSION = YES;
				CLANG_WARN_DEPRECATED_OBJC_IMPLEMENTATIONS = YES;
				CLANG_WARN_DIRECT_OBJC_ISA_USAGE = YES_ERROR;
				CLANG_WARN_DOCUMENTATION_COMMENTS = YES;
				CLANG_WARN_EMPTY_BODY = YES;
				CLANG_WARN_ENUM_CONVERSION = YES;
				CLANG_WARN_INFINITE_RECURSION = YES;
				CLANG_WARN_INT_CONVERSION = YES;
				CLANG_WARN_NON_LITERAL_NULL_CONVERSION = YES;
				CLANG_WARN_OBJC_IMPLICIT_RETAIN_SELF = YES;
				CLANG_WARN_OBJC_LITERAL_CONVERSION = YES;
				CLANG_WARN_OBJC_ROOT_CLASS = YES_ERROR;
				CLANG_WARN_QUOTED_INCLUDE_IN_FRAMEWORK_HEADER = YES;
				CLANG_WARN_RANGE_LOOP_ANALYSIS = YES;
				CLANG_WARN_STRICT_PROTOTYPES = YES;
				CLANG_WARN_SUSPICIOUS_MOVE = YES;
				CLANG_WARN_UNGUARDED_AVAILABILITY = YES_AGGRESSIVE;
				CLANG_WARN_UNREACHABLE_CODE = YES;
				CLANG_WARN__DUPLICATE_METHOD_MATCH = YES;
				COPY_PHASE_STRIP = NO;
				DEBUG_INFORMATION_FORMAT = "dwarf-with-dsym";
				ENABLE_NS_ASSERTIONS = NO;
				ENABLE_STRICT_OBJC_MSGSEND = YES;
				ENABLE_USER_SCRIPT_SANDBOXING = YES;
				GCC_C_LANGUAGE_STANDARD = gnu17;
				GCC_NO_COMMON_BLOCKS = YES;
				GCC_WARN_64_TO_32_BIT_CONVERSION = YES;
				GCC_WARN_ABOUT_RETURN_TYPE = YES_ERROR;
				GCC_WARN_UNDECLARED_SELECTOR = YES;
				GCC_WARN_UNINITIALIZED_AUTOS = YES_AGGRESSIVE;
				GCC_WARN_UNUSED_FUNCTION = YES;
				GCC_WARN_UNUSED_VARIABLE = YES;
				IPHONEOS_DEPLOYMENT_TARGET = 17.0;
				LOCALIZATION_PREFERS_STRING_CATALOGS = YES;
				MTL_ENABLE_DEBUG_INFO = NO;
				MTL_FAST_MATH = YES;
				SDKROOT = iphoneos;
				SWIFT_COMPILATION_MODE = wholemodule;
				VALIDATE_PRODUCT = YES;
			};
			name = Release;
		};
		D231913F2AD4836200BBC7A0 /* Debug */ = {
			isa = XCBuildConfiguration;
			buildSettings = {
				ASSETCATALOG_COMPILER_APPICON_NAME = AppIcon;
				ASSETCATALOG_COMPILER_GLOBAL_ACCENT_COLOR_NAME = AccentColor;
				CODE_SIGN_STYLE = Automatic;
				CURRENT_PROJECT_VERSION = 1;
				DEVELOPMENT_ASSET_PATHS = "\"login/Preview Content\"";
				ENABLE_PREVIEWS = YES;
				GENERATE_INFOPLIST_FILE = YES;
				INFOPLIST_KEY_UIApplicationSceneManifest_Generation = YES;
				INFOPLIST_KEY_UIApplicationSupportsIndirectInputEvents = YES;
				INFOPLIST_KEY_UILaunchScreen_Generation = YES;
				INFOPLIST_KEY_UISupportedInterfaceOrientations_iPad = "UIInterfaceOrientationPortrait UIInterfaceOrientationPortraitUpsideDown UIInterfaceOrientationLandscapeLeft UIInterfaceOrientationLandscapeRight";
				INFOPLIST_KEY_UISupportedInterfaceOrientations_iPhone = "UIInterfaceOrientationPortrait UIInterfaceOrientationLandscapeLeft UIInterfaceOrientationLandscapeRight";
				LD_RUNPATH_SEARCH_PATHS = (
					"$(inherited)",
					"@executable_path/Frameworks",
				);
				MARKETING_VERSION = 1.0;
				PRODUCT_BUNDLE_IDENTIFIER = Kazi.login;
				PRODUCT_NAME = "$(TARGET_NAME)";
				SWIFT_EMIT_LOC_STRINGS = YES;
				SWIFT_VERSION = 5.0;
				TARGETED_DEVICE_FAMILY = "1,2";
			};
			name = Debug;
		};
		D23191402AD4836200BBC7A0 /* Release */ = {
			isa = XCBuildConfiguration;
			buildSettings = {
				ASSETCATALOG_COMPILER_APPICON_NAME = AppIcon;
				ASSETCATALOG_COMPILER_GLOBAL_ACCENT_COLOR_NAME = AccentColor;
				CODE_SIGN_STYLE = Automatic;
				CURRENT_PROJECT_VERSION = 1;
				DEVELOPMENT_ASSET_PATHS = "\"login/Preview Content\"";
				ENABLE_PREVIEWS = YES;
				GENERATE_INFOPLIST_FILE = YES;
				INFOPLIST_KEY_UIApplicationSceneManifest_Generation = YES;
				INFOPLIST_KEY_UIApplicationSupportsIndirectInputEvents = YES;
				INFOPLIST_KEY_UILaunchScreen_Generation = YES;
				INFOPLIST_KEY_UISupportedInterfaceOrientations_iPad = "UIInterfaceOrientationPortrait UIInterfaceOrientationPortraitUpsideDown UIInterfaceOrientationLandscapeLeft UIInterfaceOrientationLandscapeRight";
				INFOPLIST_KEY_UISupportedInterfaceOrientations_iPhone = "UIInterfaceOrientationPortrait UIInterfaceOrientationLandscapeLeft UIInterfaceOrientationLandscapeRight";
				LD_RUNPATH_SEARCH_PATHS = (
					"$(inherited)",
					"@executable_path/Frameworks",
				);
				MARKETING_VERSION = 1.0;
				PRODUCT_BUNDLE_IDENTIFIER = Kazi.login;
				PRODUCT_NAME = "$(TARGET_NAME)";
				SWIFT_EMIT_LOC_STRINGS = YES;
				SWIFT_VERSION = 5.0;
				TARGETED_DEVICE_FAMILY = "1,2";
			};
			name = Release;
		};
		D23191422AD4836200BBC7A0 /* Debug */ = {
			isa = XCBuildConfiguration;
			buildSettings = {
				ALWAYS_EMBED_SWIFT_STANDARD_LIBRARIES = YES;
				BUNDLE_LOADER = "$(TEST_HOST)";
				CODE_SIGN_STYLE = Automatic;
				CURRENT_PROJECT_VERSION = 1;
				GENERATE_INFOPLIST_FILE = YES;
				IPHONEOS_DEPLOYMENT_TARGET = 17.0;
				MARKETING_VERSION = 1.0;
				PRODUCT_BUNDLE_IDENTIFIER = Kazi.loginTests;
				PRODUCT_NAME = "$(TARGET_NAME)";
				SWIFT_EMIT_LOC_STRINGS = NO;
				SWIFT_VERSION = 5.0;
				TARGETED_DEVICE_FAMILY = "1,2";
				TEST_HOST = "$(BUILT_PRODUCTS_DIR)/login.app/$(BUNDLE_EXECUTABLE_FOLDER_PATH)/login";
			};
			name = Debug;
		};
		D23191432AD4836200BBC7A0 /* Release */ = {
			isa = XCBuildConfiguration;
			buildSettings = {
				ALWAYS_EMBED_SWIFT_STANDARD_LIBRARIES = YES;
				BUNDLE_LOADER = "$(TEST_HOST)";
				CODE_SIGN_STYLE = Automatic;
				CURRENT_PROJECT_VERSION = 1;
				GENERATE_INFOPLIST_FILE = YES;
				IPHONEOS_DEPLOYMENT_TARGET = 17.0;
				MARKETING_VERSION = 1.0;
				PRODUCT_BUNDLE_IDENTIFIER = Kazi.loginTests;
				PRODUCT_NAME = "$(TARGET_NAME)";
				SWIFT_EMIT_LOC_STRINGS = NO;
				SWIFT_VERSION = 5.0;
				TARGETED_DEVICE_FAMILY = "1,2";
				TEST_HOST = "$(BUILT_PRODUCTS_DIR)/login.app/$(BUNDLE_EXECUTABLE_FOLDER_PATH)/login";
			};
			name = Release;
		};
		D23191452AD4836200BBC7A0 /* Debug */ = {
			isa = XCBuildConfiguration;
			buildSettings = {
				ALWAYS_EMBED_SWIFT_STANDARD_LIBRARIES = YES;
				CODE_SIGN_STYLE = Automatic;
				CURRENT_PROJECT_VERSION = 1;
				GENERATE_INFOPLIST_FILE = YES;
				MARKETING_VERSION = 1.0;
				PRODUCT_BUNDLE_IDENTIFIER = Kazi.loginUITests;
				PRODUCT_NAME = "$(TARGET_NAME)";
				SWIFT_EMIT_LOC_STRINGS = NO;
				SWIFT_VERSION = 5.0;
				TARGETED_DEVICE_FAMILY = "1,2";
				TEST_TARGET_NAME = login;
			};
			name = Debug;
		};
		D23191462AD4836200BBC7A0 /* Release */ = {
			isa = XCBuildConfiguration;
			buildSettings = {
				ALWAYS_EMBED_SWIFT_STANDARD_LIBRARIES = YES;
				CODE_SIGN_STYLE = Automatic;
				CURRENT_PROJECT_VERSION = 1;
				GENERATE_INFOPLIST_FILE = YES;
				MARKETING_VERSION = 1.0;
				PRODUCT_BUNDLE_IDENTIFIER = Kazi.loginUITests;
				PRODUCT_NAME = "$(TARGET_NAME)";
				SWIFT_EMIT_LOC_STRINGS = NO;
				SWIFT_VERSION = 5.0;
				TARGETED_DEVICE_FAMILY = "1,2";
				TEST_TARGET_NAME = login;
			};
			name = Release;
		};
/* End XCBuildConfiguration section */

/* Begin XCConfigurationList section */
		D23191152AD4836000BBC7A0 /* Build configuration list for PBXProject "login" */ = {
			isa = XCConfigurationList;
			buildConfigurations = (
				D231913C2AD4836200BBC7A0 /* Debug */,
				D231913D2AD4836200BBC7A0 /* Release */,
			);
			defaultConfigurationIsVisible = 0;
			defaultConfigurationName = Release;
		};
		D231913E2AD4836200BBC7A0 /* Build configuration list for PBXNativeTarget "login" */ = {
			isa = XCConfigurationList;
			buildConfigurations = (
				D231913F2AD4836200BBC7A0 /* Debug */,
				D23191402AD4836200BBC7A0 /* Release */,
			);
			defaultConfigurationIsVisible = 0;
			defaultConfigurationName = Release;
		};
		D23191412AD4836200BBC7A0 /* Build configuration list for PBXNativeTarget "loginTests" */ = {
			isa = XCConfigurationList;
			buildConfigurations = (
				D23191422AD4836200BBC7A0 /* Debug */,
				D23191432AD4836200BBC7A0 /* Release */,
			);
			defaultConfigurationIsVisible = 0;
			defaultConfigurationName = Release;
		};
		D23191442AD4836200BBC7A0 /* Build configuration list for PBXNativeTarget "loginUITests" */ = {
			isa = XCConfigurationList;
			buildConfigurations = (
				D23191452AD4836200BBC7A0 /* Debug */,
				D23191462AD4836200BBC7A0 /* Release */,
			);
			defaultConfigurationIsVisible = 0;
			defaultConfigurationName = Release;
		};
/* End XCConfigurationList section */
	};
	rootObject = D23191122AD4836000BBC7A0 /* Project object */;
}
